
Microsoft Visual Studio Solution File, Format Version 12.00
Project("{FAE04EC0-301F-11D3-BF4B-00C04F79EFBC}") = "BerichtBotNet", "BerichtBotNet\BerichtBotNet.csproj", "{34D545B4-4F61-4A5C-A346-1D508B7CC329}"
EndProject
Global
	GlobalSection(SolutionConfigurationPlatforms) = preSolution
		Debug|Any CPU = Debug|Any CPU
		Release|Any CPU = Release|Any CPU
	EndGlobalSection
	GlobalSection(ProjectConfigurationPlatforms) = postSolution
		{34D545B4-4F61-4A5C-A346-1D508B7CC329}.Debug|Any CPU.ActiveCfg = Debug|Any CPU
		{34D545B4-4F61-4A5C-A346-1D508B7CC329}.Debug|Any CPU.Build.0 = Debug|Any CPU
		{34D545B4-4F61-4A5C-A346-1D508B7CC329}.Release|Any CPU.ActiveCfg = Release|Any CPU
		{34D545B4-4F61-4A5C-A346-1D508B7CC329}.Release|Any CPU.Build.0 = Release|Any CPU
	EndGlobalSection
EndGlobal
